
Microsoft Visual Studio Solution File, Format Version 12.00
Project("{FAE04EC0-301F-11D3-BF4B-00C04F79EFBC}") = "Mopere", "Mopere\Mopere.csproj", "{A4015A36-A840-4879-81DC-EE36177D226E}"
EndProject
Project("{2150E333-8FDC-42A3-9474-1A3956D46DE8}") = "Identity", "Identity", "{EF98EE86-3FA1-4086-8FFA-B75535536948}"
EndProject
Project("{2150E333-8FDC-42A3-9474-1A3956D46DE8}") = "Messenger", "Messenger", "{F5653F98-0E5A-42F9-A506-BAD87C4FB606}"
EndProject
Project("{2150E333-8FDC-42A3-9474-1A3956D46DE8}") = "TaskBook", "TaskBook", "{1F6BA1BC-0CA6-4357-96B5-CDA7B39D4AE4}"
EndProject
Project("{FAE04EC0-301F-11D3-BF4B-00C04F79EFBC}") = "Identity.API", "Identity\Identity.API\Identity.API.csproj", "{AD063029-B64B-4A5D-8E00-9B63646A3FC4}"
EndProject
Project("{FAE04EC0-301F-11D3-BF4B-00C04F79EFBC}") = "Domain", "Identity\Domain\Domain.csproj", "{E1E548BC-BE1C-4EFD-A766-AAC6F215141C}"
EndProject
Project("{FAE04EC0-301F-11D3-BF4B-00C04F79EFBC}") = "Application", "Identity\Application\Application.csproj", "{B17165B1-4EFD-424A-A8D9-959A0CD8E949}"
EndProject
Project("{FAE04EC0-301F-11D3-BF4B-00C04F79EFBC}") = "Service", "Identity\Service\Service.csproj", "{64A40E47-7500-4028-B4B0-590F2EA33520}"
EndProject
Project("{FAE04EC0-301F-11D3-BF4B-00C04F79EFBC}") = "Infrastructure", "Identity\Infrastructure\Infrastructure.csproj", "{A11EEE1F-0FF7-43C2-89CD-8B5138A84F16}"
EndProject
Project("{FAE04EC0-301F-11D3-BF4B-00C04F79EFBC}") = "Infrastructure.Database.PostgreSQL", "Identity\Infrastructure.Database.PostgreSQL\Infrastructure.Database.PostgreSQL.csproj", "{0C0A95DA-D99A-4B69-81BB-6B40E00CFC4D}"
EndProject
Project("{FAE04EC0-301F-11D3-BF4B-00C04F79EFBC}") = "Service", "Messenger\Service\Service.csproj", "{8C0E4F6A-1503-4C94-924A-4695C9453809}"
EndProject
Project("{FAE04EC0-301F-11D3-BF4B-00C04F79EFBC}") = "Infrastructure", "Messenger\Infrastructure\Infrastructure.csproj", "{31DF394A-4FA3-400B-BE85-71B0ADABEFCD}"
EndProject
Project("{FAE04EC0-301F-11D3-BF4B-00C04F79EFBC}") = "Infrastructure.Database.PostgreSQL", "Messenger\Infrastructure.Database.PostgreSQL\Infrastructure.Database.PostgreSQL.csproj", "{55889E9B-738B-4A7E-B891-7C79A780C618}"
EndProject
Project("{FAE04EC0-301F-11D3-BF4B-00C04F79EFBC}") = "Domain", "Messenger\Domain\Domain.csproj", "{A266AEA2-9E01-4AD2-A89A-771E3F4C9B93}"
EndProject
Project("{FAE04EC0-301F-11D3-BF4B-00C04F79EFBC}") = "Messenger.API", "Messenger\Messenger.API\Messenger.API.csproj", "{5E28FF48-F484-48BA-BE62-9D100CD090B8}"
EndProject
Project("{FAE04EC0-301F-11D3-BF4B-00C04F79EFBC}") = "Application", "Messenger\Application\Application.csproj", "{B73A657D-53AF-40D0-BB49-57A7E6FEFF70}"
EndProject
Project("{FAE04EC0-301F-11D3-BF4B-00C04F79EFBC}") = "Infrastructure.Database.Mongo", "Messenger\Infrastructure.Database.Mongo\Infrastructure.Database.Mongo.csproj", "{F75BCCF4-D973-4E20-9459-270EDAEBDE26}"
EndProject
Project("{FAE04EC0-301F-11D3-BF4B-00C04F79EFBC}") = "TaskBook.API", "TaskBook\TaskBook.API\TaskBook.API.csproj", "{341E1AEA-75DA-4E70-9576-42EA8E8CAA7F}"
EndProject
Project("{FAE04EC0-301F-11D3-BF4B-00C04F79EFBC}") = "Domain", "TaskBook\Domain\Domain.csproj", "{5CDA6D6C-72CB-4BD3-94CF-B5023A6A5B0D}"
EndProject
Project("{FAE04EC0-301F-11D3-BF4B-00C04F79EFBC}") = "Service", "TaskBook\Service\Service.csproj", "{4327BAE2-2E27-40F0-8CF4-13C1528D761A}"
EndProject
Project("{FAE04EC0-301F-11D3-BF4B-00C04F79EFBC}") = "Infrastructure", "TaskBook\Infrastructure\Infrastructure.csproj", "{5A67501B-4F43-4088-8C43-C372788EB05F}"
EndProject
Project("{FAE04EC0-301F-11D3-BF4B-00C04F79EFBC}") = "Infrastructure.Database.PostgreSQL", "TaskBook\Infrastructure.Database.PostgreSQL\Infrastructure.Database.PostgreSQL.csproj", "{BD1A22FB-C22B-4D7A-BC94-A5BAC85C7C35}"
EndProject
Project("{FAE04EC0-301F-11D3-BF4B-00C04F79EFBC}") = "Application", "TaskBook\Application\Application.csproj", "{D3DCF0C4-46E9-4BD4-8BC8-E2AE7A62FFBD}"
EndProject
Project("{2150E333-8FDC-42A3-9474-1A3956D46DE8}") = "Base", "Base", "{DE098BCB-6BFA-4489-8384-6770410944A0}"
EndProject
Project("{FAE04EC0-301F-11D3-BF4B-00C04F79EFBC}") = "Base.API", "Base\Base.API\Base.API.csproj", "{2EADC49E-52CE-421E-BE8C-A8661CB64D5E}"
EndProject
Project("{FAE04EC0-301F-11D3-BF4B-00C04F79EFBC}") = "Base.Domain", "Base\Base.Domain\Base.Domain.csproj", "{C8F8ED67-EBDC-4309-B7C7-10BC8FB1F371}"
EndProject
Project("{FAE04EC0-301F-11D3-BF4B-00C04F79EFBC}") = "Base.Application", "Base\Base.Application\Base.Application.csproj", "{32427221-6B8C-4762-B77E-C959D6314DD8}"
EndProject
Project("{FAE04EC0-301F-11D3-BF4B-00C04F79EFBC}") = "Base.Infrastructure", "Base\Base.Infrastructure\Base.Infrastructure.csproj", "{91FD026F-5715-4343-9370-6D34E4E30577}"
EndProject
Project("{FAE04EC0-301F-11D3-BF4B-00C04F79EFBC}") = "Base.Infrastructure.Database.Mongo", "Base\Base.Infrastructure.Database.Mongo\Base.Infrastructure.Database.Mongo.csproj", "{B6AC0D07-D054-47F8-A758-EA8D0449E07C}"
EndProject
Project("{FAE04EC0-301F-11D3-BF4B-00C04F79EFBC}") = "Base.Infrastructure.Database.PostgreSQL", "Base\Base.Infrastructure.Database.PostgreSQL\Base.Infrastructure.Database.PostgreSQL.csproj", "{9433A203-CEB6-42DD-9D29-F5D944CFB84C}"
EndProject
Project("{FAE04EC0-301F-11D3-BF4B-00C04F79EFBC}") = "Base.Infrastructure.Database.Redis", "Base\Base.Infrastructure.Database.Redis\Base.Infrastructure.Database.Redis.csproj", "{559FA401-454B-4031-9247-0EFCA3C25FAB}"
EndProject
Project("{FAE04EC0-301F-11D3-BF4B-00C04F79EFBC}") = "Infrastructure.Database.Mongo", "TaskBook\Infrastructure.Database.Mongo\Infrastructure.Database.Mongo.csproj", "{75E96279-4244-48A5-87C9-081C530067AF}"
EndProject
Project("{FAE04EC0-301F-11D3-BF4B-00C04F79EFBC}") = "Contract", "Identity\Contract\Contract.csproj", "{A75D5380-9E4E-499A-B888-5F22A5AD985A}"
EndProject
Project("{FAE04EC0-301F-11D3-BF4B-00C04F79EFBC}") = "Identity", "Identity\Identity\Identity.csproj", "{A709B38D-C724-4CD7-B79E-9B28685E681B}"
EndProject
Project("{FAE04EC0-301F-11D3-BF4B-00C04F79EFBC}") = "Infrastructure.Database.Redis", "Identity\Infrastructure.Database.Redis\Infrastructure.Database.Redis.csproj", "{894B8801-5ED2-4EFB-9427-ACCD2C16EB26}"
EndProject
Global
	GlobalSection(SolutionConfigurationPlatforms) = preSolution
		Debug|Any CPU = Debug|Any CPU
		Release|Any CPU = Release|Any CPU
	EndGlobalSection
	GlobalSection(ProjectConfigurationPlatforms) = postSolution
		{A4015A36-A840-4879-81DC-EE36177D226E}.Debug|Any CPU.ActiveCfg = Debug|Any CPU
		{A4015A36-A840-4879-81DC-EE36177D226E}.Debug|Any CPU.Build.0 = Debug|Any CPU
		{A4015A36-A840-4879-81DC-EE36177D226E}.Release|Any CPU.ActiveCfg = Release|Any CPU
		{A4015A36-A840-4879-81DC-EE36177D226E}.Release|Any CPU.Build.0 = Release|Any CPU
		{AD063029-B64B-4A5D-8E00-9B63646A3FC4}.Debug|Any CPU.ActiveCfg = Debug|Any CPU
		{AD063029-B64B-4A5D-8E00-9B63646A3FC4}.Debug|Any CPU.Build.0 = Debug|Any CPU
		{AD063029-B64B-4A5D-8E00-9B63646A3FC4}.Release|Any CPU.ActiveCfg = Release|Any CPU
		{AD063029-B64B-4A5D-8E00-9B63646A3FC4}.Release|Any CPU.Build.0 = Release|Any CPU
		{E1E548BC-BE1C-4EFD-A766-AAC6F215141C}.Debug|Any CPU.ActiveCfg = Debug|Any CPU
		{E1E548BC-BE1C-4EFD-A766-AAC6F215141C}.Debug|Any CPU.Build.0 = Debug|Any CPU
		{E1E548BC-BE1C-4EFD-A766-AAC6F215141C}.Release|Any CPU.ActiveCfg = Release|Any CPU
		{E1E548BC-BE1C-4EFD-A766-AAC6F215141C}.Release|Any CPU.Build.0 = Release|Any CPU
		{B17165B1-4EFD-424A-A8D9-959A0CD8E949}.Debug|Any CPU.ActiveCfg = Debug|Any CPU
		{B17165B1-4EFD-424A-A8D9-959A0CD8E949}.Debug|Any CPU.Build.0 = Debug|Any CPU
		{B17165B1-4EFD-424A-A8D9-959A0CD8E949}.Release|Any CPU.ActiveCfg = Release|Any CPU
		{B17165B1-4EFD-424A-A8D9-959A0CD8E949}.Release|Any CPU.Build.0 = Release|Any CPU
		{64A40E47-7500-4028-B4B0-590F2EA33520}.Debug|Any CPU.ActiveCfg = Debug|Any CPU
		{64A40E47-7500-4028-B4B0-590F2EA33520}.Debug|Any CPU.Build.0 = Debug|Any CPU
		{64A40E47-7500-4028-B4B0-590F2EA33520}.Release|Any CPU.ActiveCfg = Release|Any CPU
		{64A40E47-7500-4028-B4B0-590F2EA33520}.Release|Any CPU.Build.0 = Release|Any CPU
		{A11EEE1F-0FF7-43C2-89CD-8B5138A84F16}.Debug|Any CPU.ActiveCfg = Debug|Any CPU
		{A11EEE1F-0FF7-43C2-89CD-8B5138A84F16}.Debug|Any CPU.Build.0 = Debug|Any CPU
		{A11EEE1F-0FF7-43C2-89CD-8B5138A84F16}.Release|Any CPU.ActiveCfg = Release|Any CPU
		{A11EEE1F-0FF7-43C2-89CD-8B5138A84F16}.Release|Any CPU.Build.0 = Release|Any CPU
		{0C0A95DA-D99A-4B69-81BB-6B40E00CFC4D}.Debug|Any CPU.ActiveCfg = Debug|Any CPU
		{0C0A95DA-D99A-4B69-81BB-6B40E00CFC4D}.Debug|Any CPU.Build.0 = Debug|Any CPU
		{0C0A95DA-D99A-4B69-81BB-6B40E00CFC4D}.Release|Any CPU.ActiveCfg = Release|Any CPU
		{0C0A95DA-D99A-4B69-81BB-6B40E00CFC4D}.Release|Any CPU.Build.0 = Release|Any CPU
		{8C0E4F6A-1503-4C94-924A-4695C9453809}.Debug|Any CPU.ActiveCfg = Debug|Any CPU
		{8C0E4F6A-1503-4C94-924A-4695C9453809}.Debug|Any CPU.Build.0 = Debug|Any CPU
		{8C0E4F6A-1503-4C94-924A-4695C9453809}.Release|Any CPU.ActiveCfg = Release|Any CPU
		{8C0E4F6A-1503-4C94-924A-4695C9453809}.Release|Any CPU.Build.0 = Release|Any CPU
		{31DF394A-4FA3-400B-BE85-71B0ADABEFCD}.Debug|Any CPU.ActiveCfg = Debug|Any CPU
		{31DF394A-4FA3-400B-BE85-71B0ADABEFCD}.Debug|Any CPU.Build.0 = Debug|Any CPU
		{31DF394A-4FA3-400B-BE85-71B0ADABEFCD}.Release|Any CPU.ActiveCfg = Release|Any CPU
		{31DF394A-4FA3-400B-BE85-71B0ADABEFCD}.Release|Any CPU.Build.0 = Release|Any CPU
		{55889E9B-738B-4A7E-B891-7C79A780C618}.Debug|Any CPU.ActiveCfg = Debug|Any CPU
		{55889E9B-738B-4A7E-B891-7C79A780C618}.Debug|Any CPU.Build.0 = Debug|Any CPU
		{55889E9B-738B-4A7E-B891-7C79A780C618}.Release|Any CPU.ActiveCfg = Release|Any CPU
		{55889E9B-738B-4A7E-B891-7C79A780C618}.Release|Any CPU.Build.0 = Release|Any CPU
		{A266AEA2-9E01-4AD2-A89A-771E3F4C9B93}.Debug|Any CPU.ActiveCfg = Debug|Any CPU
		{A266AEA2-9E01-4AD2-A89A-771E3F4C9B93}.Debug|Any CPU.Build.0 = Debug|Any CPU
		{A266AEA2-9E01-4AD2-A89A-771E3F4C9B93}.Release|Any CPU.ActiveCfg = Release|Any CPU
		{A266AEA2-9E01-4AD2-A89A-771E3F4C9B93}.Release|Any CPU.Build.0 = Release|Any CPU
		{5E28FF48-F484-48BA-BE62-9D100CD090B8}.Debug|Any CPU.ActiveCfg = Debug|Any CPU
		{5E28FF48-F484-48BA-BE62-9D100CD090B8}.Debug|Any CPU.Build.0 = Debug|Any CPU
		{5E28FF48-F484-48BA-BE62-9D100CD090B8}.Release|Any CPU.ActiveCfg = Release|Any CPU
		{5E28FF48-F484-48BA-BE62-9D100CD090B8}.Release|Any CPU.Build.0 = Release|Any CPU
		{B73A657D-53AF-40D0-BB49-57A7E6FEFF70}.Debug|Any CPU.ActiveCfg = Debug|Any CPU
		{B73A657D-53AF-40D0-BB49-57A7E6FEFF70}.Debug|Any CPU.Build.0 = Debug|Any CPU
		{B73A657D-53AF-40D0-BB49-57A7E6FEFF70}.Release|Any CPU.ActiveCfg = Release|Any CPU
		{B73A657D-53AF-40D0-BB49-57A7E6FEFF70}.Release|Any CPU.Build.0 = Release|Any CPU
		{F75BCCF4-D973-4E20-9459-270EDAEBDE26}.Debug|Any CPU.ActiveCfg = Debug|Any CPU
		{F75BCCF4-D973-4E20-9459-270EDAEBDE26}.Debug|Any CPU.Build.0 = Debug|Any CPU
		{F75BCCF4-D973-4E20-9459-270EDAEBDE26}.Release|Any CPU.ActiveCfg = Release|Any CPU
		{F75BCCF4-D973-4E20-9459-270EDAEBDE26}.Release|Any CPU.Build.0 = Release|Any CPU
		{341E1AEA-75DA-4E70-9576-42EA8E8CAA7F}.Debug|Any CPU.ActiveCfg = Debug|Any CPU
		{341E1AEA-75DA-4E70-9576-42EA8E8CAA7F}.Debug|Any CPU.Build.0 = Debug|Any CPU
		{341E1AEA-75DA-4E70-9576-42EA8E8CAA7F}.Release|Any CPU.ActiveCfg = Release|Any CPU
		{341E1AEA-75DA-4E70-9576-42EA8E8CAA7F}.Release|Any CPU.Build.0 = Release|Any CPU
		{5CDA6D6C-72CB-4BD3-94CF-B5023A6A5B0D}.Debug|Any CPU.ActiveCfg = Debug|Any CPU
		{5CDA6D6C-72CB-4BD3-94CF-B5023A6A5B0D}.Debug|Any CPU.Build.0 = Debug|Any CPU
		{5CDA6D6C-72CB-4BD3-94CF-B5023A6A5B0D}.Release|Any CPU.ActiveCfg = Release|Any CPU
		{5CDA6D6C-72CB-4BD3-94CF-B5023A6A5B0D}.Release|Any CPU.Build.0 = Release|Any CPU
		{4327BAE2-2E27-40F0-8CF4-13C1528D761A}.Debug|Any CPU.ActiveCfg = Debug|Any CPU
		{4327BAE2-2E27-40F0-8CF4-13C1528D761A}.Debug|Any CPU.Build.0 = Debug|Any CPU
		{4327BAE2-2E27-40F0-8CF4-13C1528D761A}.Release|Any CPU.ActiveCfg = Release|Any CPU
		{4327BAE2-2E27-40F0-8CF4-13C1528D761A}.Release|Any CPU.Build.0 = Release|Any CPU
		{5A67501B-4F43-4088-8C43-C372788EB05F}.Debug|Any CPU.ActiveCfg = Debug|Any CPU
		{5A67501B-4F43-4088-8C43-C372788EB05F}.Debug|Any CPU.Build.0 = Debug|Any CPU
		{5A67501B-4F43-4088-8C43-C372788EB05F}.Release|Any CPU.ActiveCfg = Release|Any CPU
		{5A67501B-4F43-4088-8C43-C372788EB05F}.Release|Any CPU.Build.0 = Release|Any CPU
		{BD1A22FB-C22B-4D7A-BC94-A5BAC85C7C35}.Debug|Any CPU.ActiveCfg = Debug|Any CPU
		{BD1A22FB-C22B-4D7A-BC94-A5BAC85C7C35}.Debug|Any CPU.Build.0 = Debug|Any CPU
		{BD1A22FB-C22B-4D7A-BC94-A5BAC85C7C35}.Release|Any CPU.ActiveCfg = Release|Any CPU
		{BD1A22FB-C22B-4D7A-BC94-A5BAC85C7C35}.Release|Any CPU.Build.0 = Release|Any CPU
		{D3DCF0C4-46E9-4BD4-8BC8-E2AE7A62FFBD}.Debug|Any CPU.ActiveCfg = Debug|Any CPU
		{D3DCF0C4-46E9-4BD4-8BC8-E2AE7A62FFBD}.Debug|Any CPU.Build.0 = Debug|Any CPU
		{D3DCF0C4-46E9-4BD4-8BC8-E2AE7A62FFBD}.Release|Any CPU.ActiveCfg = Release|Any CPU
		{D3DCF0C4-46E9-4BD4-8BC8-E2AE7A62FFBD}.Release|Any CPU.Build.0 = Release|Any CPU
		{2EADC49E-52CE-421E-BE8C-A8661CB64D5E}.Debug|Any CPU.ActiveCfg = Debug|Any CPU
		{2EADC49E-52CE-421E-BE8C-A8661CB64D5E}.Debug|Any CPU.Build.0 = Debug|Any CPU
		{2EADC49E-52CE-421E-BE8C-A8661CB64D5E}.Release|Any CPU.ActiveCfg = Release|Any CPU
		{2EADC49E-52CE-421E-BE8C-A8661CB64D5E}.Release|Any CPU.Build.0 = Release|Any CPU
		{C8F8ED67-EBDC-4309-B7C7-10BC8FB1F371}.Debug|Any CPU.ActiveCfg = Debug|Any CPU
		{C8F8ED67-EBDC-4309-B7C7-10BC8FB1F371}.Debug|Any CPU.Build.0 = Debug|Any CPU
		{C8F8ED67-EBDC-4309-B7C7-10BC8FB1F371}.Release|Any CPU.ActiveCfg = Release|Any CPU
		{C8F8ED67-EBDC-4309-B7C7-10BC8FB1F371}.Release|Any CPU.Build.0 = Release|Any CPU
		{32427221-6B8C-4762-B77E-C959D6314DD8}.Debug|Any CPU.ActiveCfg = Debug|Any CPU
		{32427221-6B8C-4762-B77E-C959D6314DD8}.Debug|Any CPU.Build.0 = Debug|Any CPU
		{32427221-6B8C-4762-B77E-C959D6314DD8}.Release|Any CPU.ActiveCfg = Release|Any CPU
		{32427221-6B8C-4762-B77E-C959D6314DD8}.Release|Any CPU.Build.0 = Release|Any CPU
		{91FD026F-5715-4343-9370-6D34E4E30577}.Debug|Any CPU.ActiveCfg = Debug|Any CPU
		{91FD026F-5715-4343-9370-6D34E4E30577}.Debug|Any CPU.Build.0 = Debug|Any CPU
		{91FD026F-5715-4343-9370-6D34E4E30577}.Release|Any CPU.ActiveCfg = Release|Any CPU
		{91FD026F-5715-4343-9370-6D34E4E30577}.Release|Any CPU.Build.0 = Release|Any CPU
		{B6AC0D07-D054-47F8-A758-EA8D0449E07C}.Debug|Any CPU.ActiveCfg = Debug|Any CPU
		{B6AC0D07-D054-47F8-A758-EA8D0449E07C}.Debug|Any CPU.Build.0 = Debug|Any CPU
		{B6AC0D07-D054-47F8-A758-EA8D0449E07C}.Release|Any CPU.ActiveCfg = Release|Any CPU
		{B6AC0D07-D054-47F8-A758-EA8D0449E07C}.Release|Any CPU.Build.0 = Release|Any CPU
		{9433A203-CEB6-42DD-9D29-F5D944CFB84C}.Debug|Any CPU.ActiveCfg = Debug|Any CPU
		{9433A203-CEB6-42DD-9D29-F5D944CFB84C}.Debug|Any CPU.Build.0 = Debug|Any CPU
		{9433A203-CEB6-42DD-9D29-F5D944CFB84C}.Release|Any CPU.ActiveCfg = Release|Any CPU
		{9433A203-CEB6-42DD-9D29-F5D944CFB84C}.Release|Any CPU.Build.0 = Release|Any CPU
		{559FA401-454B-4031-9247-0EFCA3C25FAB}.Debug|Any CPU.ActiveCfg = Debug|Any CPU
		{559FA401-454B-4031-9247-0EFCA3C25FAB}.Debug|Any CPU.Build.0 = Debug|Any CPU
		{559FA401-454B-4031-9247-0EFCA3C25FAB}.Release|Any CPU.ActiveCfg = Release|Any CPU
		{559FA401-454B-4031-9247-0EFCA3C25FAB}.Release|Any CPU.Build.0 = Release|Any CPU
		{75E96279-4244-48A5-87C9-081C530067AF}.Debug|Any CPU.ActiveCfg = Debug|Any CPU
		{75E96279-4244-48A5-87C9-081C530067AF}.Debug|Any CPU.Build.0 = Debug|Any CPU
		{75E96279-4244-48A5-87C9-081C530067AF}.Release|Any CPU.ActiveCfg = Release|Any CPU
		{75E96279-4244-48A5-87C9-081C530067AF}.Release|Any CPU.Build.0 = Release|Any CPU
		{A75D5380-9E4E-499A-B888-5F22A5AD985A}.Debug|Any CPU.ActiveCfg = Debug|Any CPU
		{A75D5380-9E4E-499A-B888-5F22A5AD985A}.Debug|Any CPU.Build.0 = Debug|Any CPU
		{A75D5380-9E4E-499A-B888-5F22A5AD985A}.Release|Any CPU.ActiveCfg = Release|Any CPU
		{A75D5380-9E4E-499A-B888-5F22A5AD985A}.Release|Any CPU.Build.0 = Release|Any CPU
		{A709B38D-C724-4CD7-B79E-9B28685E681B}.Debug|Any CPU.ActiveCfg = Debug|Any CPU
		{A709B38D-C724-4CD7-B79E-9B28685E681B}.Debug|Any CPU.Build.0 = Debug|Any CPU
		{A709B38D-C724-4CD7-B79E-9B28685E681B}.Release|Any CPU.ActiveCfg = Release|Any CPU
		{A709B38D-C724-4CD7-B79E-9B28685E681B}.Release|Any CPU.Build.0 = Release|Any CPU
		{894B8801-5ED2-4EFB-9427-ACCD2C16EB26}.Debug|Any CPU.ActiveCfg = Debug|Any CPU
		{894B8801-5ED2-4EFB-9427-ACCD2C16EB26}.Debug|Any CPU.Build.0 = Debug|Any CPU
		{894B8801-5ED2-4EFB-9427-ACCD2C16EB26}.Release|Any CPU.ActiveCfg = Release|Any CPU
		{894B8801-5ED2-4EFB-9427-ACCD2C16EB26}.Release|Any CPU.Build.0 = Release|Any CPU
	EndGlobalSection
	GlobalSection(NestedProjects) = preSolution
		{AD063029-B64B-4A5D-8E00-9B63646A3FC4} = {EF98EE86-3FA1-4086-8FFA-B75535536948}
		{E1E548BC-BE1C-4EFD-A766-AAC6F215141C} = {EF98EE86-3FA1-4086-8FFA-B75535536948}
		{B17165B1-4EFD-424A-A8D9-959A0CD8E949} = {EF98EE86-3FA1-4086-8FFA-B75535536948}
		{64A40E47-7500-4028-B4B0-590F2EA33520} = {EF98EE86-3FA1-4086-8FFA-B75535536948}
		{A11EEE1F-0FF7-43C2-89CD-8B5138A84F16} = {EF98EE86-3FA1-4086-8FFA-B75535536948}
		{0C0A95DA-D99A-4B69-81BB-6B40E00CFC4D} = {EF98EE86-3FA1-4086-8FFA-B75535536948}
		{8C0E4F6A-1503-4C94-924A-4695C9453809} = {F5653F98-0E5A-42F9-A506-BAD87C4FB606}
		{31DF394A-4FA3-400B-BE85-71B0ADABEFCD} = {F5653F98-0E5A-42F9-A506-BAD87C4FB606}
		{55889E9B-738B-4A7E-B891-7C79A780C618} = {F5653F98-0E5A-42F9-A506-BAD87C4FB606}
		{A266AEA2-9E01-4AD2-A89A-771E3F4C9B93} = {F5653F98-0E5A-42F9-A506-BAD87C4FB606}
		{5E28FF48-F484-48BA-BE62-9D100CD090B8} = {F5653F98-0E5A-42F9-A506-BAD87C4FB606}
		{B73A657D-53AF-40D0-BB49-57A7E6FEFF70} = {F5653F98-0E5A-42F9-A506-BAD87C4FB606}
		{F75BCCF4-D973-4E20-9459-270EDAEBDE26} = {F5653F98-0E5A-42F9-A506-BAD87C4FB606}
		{341E1AEA-75DA-4E70-9576-42EA8E8CAA7F} = {1F6BA1BC-0CA6-4357-96B5-CDA7B39D4AE4}
		{5CDA6D6C-72CB-4BD3-94CF-B5023A6A5B0D} = {1F6BA1BC-0CA6-4357-96B5-CDA7B39D4AE4}
		{4327BAE2-2E27-40F0-8CF4-13C1528D761A} = {1F6BA1BC-0CA6-4357-96B5-CDA7B39D4AE4}
		{5A67501B-4F43-4088-8C43-C372788EB05F} = {1F6BA1BC-0CA6-4357-96B5-CDA7B39D4AE4}
		{BD1A22FB-C22B-4D7A-BC94-A5BAC85C7C35} = {1F6BA1BC-0CA6-4357-96B5-CDA7B39D4AE4}
		{D3DCF0C4-46E9-4BD4-8BC8-E2AE7A62FFBD} = {1F6BA1BC-0CA6-4357-96B5-CDA7B39D4AE4}
		{2EADC49E-52CE-421E-BE8C-A8661CB64D5E} = {DE098BCB-6BFA-4489-8384-6770410944A0}
		{C8F8ED67-EBDC-4309-B7C7-10BC8FB1F371} = {DE098BCB-6BFA-4489-8384-6770410944A0}
		{32427221-6B8C-4762-B77E-C959D6314DD8} = {DE098BCB-6BFA-4489-8384-6770410944A0}
		{91FD026F-5715-4343-9370-6D34E4E30577} = {DE098BCB-6BFA-4489-8384-6770410944A0}
		{B6AC0D07-D054-47F8-A758-EA8D0449E07C} = {DE098BCB-6BFA-4489-8384-6770410944A0}
		{9433A203-CEB6-42DD-9D29-F5D944CFB84C} = {DE098BCB-6BFA-4489-8384-6770410944A0}
		{559FA401-454B-4031-9247-0EFCA3C25FAB} = {DE098BCB-6BFA-4489-8384-6770410944A0}
		{75E96279-4244-48A5-87C9-081C530067AF} = {1F6BA1BC-0CA6-4357-96B5-CDA7B39D4AE4}
		{A75D5380-9E4E-499A-B888-5F22A5AD985A} = {EF98EE86-3FA1-4086-8FFA-B75535536948}
		{A709B38D-C724-4CD7-B79E-9B28685E681B} = {EF98EE86-3FA1-4086-8FFA-B75535536948}
		{894B8801-5ED2-4EFB-9427-ACCD2C16EB26} = {EF98EE86-3FA1-4086-8FFA-B75535536948}
	EndGlobalSection
EndGlobal
